// !$*UTF8*$!
{
	archiveVersion = 1;
	classes = {
	};
	objectVersion = 50;
	objects = {

/* Begin PBXBuildFile section */
		292E9821219E5EDA00EE6B32 /* Engine.cpp in Sources */ = {isa = PBXBuildFile; fileRef = 292E981F219E5EDA00EE6B32 /* Engine.cpp */; };
		2960A6B6219E1DCB000DBCE4 /* libncursesw.6.dylib in Frameworks */ = {isa = PBXBuildFile; fileRef = 2960A6B2219E1DCB000DBCE4 /* libncursesw.6.dylib */; };
		2960A6B7219E1DCB000DBCE4 /* libpanelw.6.dylib in Frameworks */ = {isa = PBXBuildFile; fileRef = 2960A6B3219E1DCB000DBCE4 /* libpanelw.6.dylib */; };
		2960A6B8219E1DCB000DBCE4 /* libformw.6.dylib in Frameworks */ = {isa = PBXBuildFile; fileRef = 2960A6B4219E1DCB000DBCE4 /* libformw.6.dylib */; };
		2960A6B9219E1DCB000DBCE4 /* libmenuw.6.dylib in Frameworks */ = {isa = PBXBuildFile; fileRef = 2960A6B5219E1DCB000DBCE4 /* libmenuw.6.dylib */; };
		2960A6BC219E1EF0000DBCE4 /* libfmodstudio.dylib in Frameworks */ = {isa = PBXBuildFile; fileRef = 2960A6BA219E1EF0000DBCE4 /* libfmodstudio.dylib */; };
		2960A6BD219E1EF0000DBCE4 /* libfmod.dylib in Frameworks */ = {isa = PBXBuildFile; fileRef = 2960A6BB219E1EF0000DBCE4 /* libfmod.dylib */; };
		2960A6C5219E28DF000DBCE4 /* Application.cpp in Sources */ = {isa = PBXBuildFile; fileRef = 2960A6C3219E28DF000DBCE4 /* Application.cpp */; };
		2960A6C9219E2A1E000DBCE4 /* SandboxApp.cpp in Sources */ = {isa = PBXBuildFile; fileRef = 2960A6C8219E2A1E000DBCE4 /* SandboxApp.cpp */; };
		2960A6CD219E308D000DBCE4 /* Renderer.cpp in Sources */ = {isa = PBXBuildFile; fileRef = 2960A6CB219E308D000DBCE4 /* Renderer.cpp */; };
		29828FF3219E8DD300D66D74 /* Console.cpp in Sources */ = {isa = PBXBuildFile; fileRef = 29828FF1219E8DD300D66D74 /* Console.cpp */; };
/* End PBXBuildFile section */

/* Begin PBXCopyFilesBuildPhase section */
		2960A6A5219E1C0F000DBCE4 /* CopyFiles */ = {
			isa = PBXCopyFilesBuildPhase;
			buildActionMask = 2147483647;
			dstPath = /usr/share/man/man1/;
			dstSubfolderSpec = 0;
			files = (
			);
			runOnlyForDeploymentPostprocessing = 1;
		};
/* End PBXCopyFilesBuildPhase section */

/* Begin PBXFileReference section */
		292E981F219E5EDA00EE6B32 /* Engine.cpp */ = {isa = PBXFileReference; lastKnownFileType = sourcecode.cpp.cpp; path = Engine.cpp; sourceTree = "<group>"; };
		292E9820219E5EDA00EE6B32 /* Engine.hpp */ = {isa = PBXFileReference; lastKnownFileType = sourcecode.cpp.h; path = Engine.hpp; sourceTree = "<group>"; };
		2960A6A7219E1C0F000DBCE4 /* Mint */ = {isa = PBXFileReference; explicitFileType = "compiled.mach-o.executable"; includeInIndex = 0; path = Mint; sourceTree = BUILT_PRODUCTS_DIR; };
		2960A6B2219E1DCB000DBCE4 /* libncursesw.6.dylib */ = {isa = PBXFileReference; lastKnownFileType = "compiled.mach-o.dylib"; name = libncursesw.6.dylib; path = ../../../../../usr/local/Cellar/ncurses/6.1/lib/libncursesw.6.dylib; sourceTree = "<group>"; };
		2960A6B3219E1DCB000DBCE4 /* libpanelw.6.dylib */ = {isa = PBXFileReference; lastKnownFileType = "compiled.mach-o.dylib"; name = libpanelw.6.dylib; path = ../../../../../usr/local/Cellar/ncurses/6.1/lib/libpanelw.6.dylib; sourceTree = "<group>"; };
		2960A6B4219E1DCB000DBCE4 /* libformw.6.dylib */ = {isa = PBXFileReference; lastKnownFileType = "compiled.mach-o.dylib"; name = libformw.6.dylib; path = ../../../../../usr/local/Cellar/ncurses/6.1/lib/libformw.6.dylib; sourceTree = "<group>"; };
		2960A6B5219E1DCB000DBCE4 /* libmenuw.6.dylib */ = {isa = PBXFileReference; lastKnownFileType = "compiled.mach-o.dylib"; name = libmenuw.6.dylib; path = ../../../../../usr/local/Cellar/ncurses/6.1/lib/libmenuw.6.dylib; sourceTree = "<group>"; };
		2960A6BA219E1EF0000DBCE4 /* libfmodstudio.dylib */ = {isa = PBXFileReference; lastKnownFileType = "compiled.mach-o.dylib"; name = libfmodstudio.dylib; path = ../lib/libfmodstudio.dylib; sourceTree = "<group>"; };
		2960A6BB219E1EF0000DBCE4 /* libfmod.dylib */ = {isa = PBXFileReference; lastKnownFileType = "compiled.mach-o.dylib"; name = libfmod.dylib; path = ../lib/libfmod.dylib; sourceTree = "<group>"; };
		2960A6C2219E28CE000DBCE4 /* Core.hpp */ = {isa = PBXFileReference; lastKnownFileType = sourcecode.cpp.h; path = Core.hpp; sourceTree = "<group>"; };
		2960A6C3219E28DF000DBCE4 /* Application.cpp */ = {isa = PBXFileReference; lastKnownFileType = sourcecode.cpp.cpp; path = Application.cpp; sourceTree = "<group>"; };
		2960A6C4219E28DF000DBCE4 /* Application.hpp */ = {isa = PBXFileReference; lastKnownFileType = sourcecode.cpp.h; path = Application.hpp; sourceTree = "<group>"; };
		2960A6C7219E297C000DBCE4 /* Mint.h */ = {isa = PBXFileReference; lastKnownFileType = sourcecode.c.h; path = Mint.h; sourceTree = "<group>"; };
		2960A6C8219E2A1E000DBCE4 /* SandboxApp.cpp */ = {isa = PBXFileReference; lastKnownFileType = sourcecode.cpp.cpp; path = SandboxApp.cpp; sourceTree = "<group>"; };
		2960A6CA219E2B7A000DBCE4 /* EntryPoint.hpp */ = {isa = PBXFileReference; lastKnownFileType = sourcecode.cpp.h; path = EntryPoint.hpp; sourceTree = "<group>"; };
		2960A6CB219E308D000DBCE4 /* Renderer.cpp */ = {isa = PBXFileReference; lastKnownFileType = sourcecode.cpp.cpp; path = Renderer.cpp; sourceTree = "<group>"; };
		2960A6CC219E308D000DBCE4 /* Renderer.hpp */ = {isa = PBXFileReference; lastKnownFileType = sourcecode.cpp.h; path = Renderer.hpp; sourceTree = "<group>"; };
		29828FF1219E8DD300D66D74 /* Console.cpp */ = {isa = PBXFileReference; lastKnownFileType = sourcecode.cpp.cpp; path = Console.cpp; sourceTree = "<group>"; };
		29828FF2219E8DD300D66D74 /* Console.hpp */ = {isa = PBXFileReference; lastKnownFileType = sourcecode.cpp.h; path = Console.hpp; sourceTree = "<group>"; };
/* End PBXFileReference section */

/* Begin PBXFrameworksBuildPhase section */
		2960A6A4219E1C0F000DBCE4 /* Frameworks */ = {
			isa = PBXFrameworksBuildPhase;
			buildActionMask = 2147483647;
			files = (
				2960A6BC219E1EF0000DBCE4 /* libfmodstudio.dylib in Frameworks */,
				2960A6BD219E1EF0000DBCE4 /* libfmod.dylib in Frameworks */,
				2960A6B6219E1DCB000DBCE4 /* libncursesw.6.dylib in Frameworks */,
				2960A6B7219E1DCB000DBCE4 /* libpanelw.6.dylib in Frameworks */,
				2960A6B8219E1DCB000DBCE4 /* libformw.6.dylib in Frameworks */,
				2960A6B9219E1DCB000DBCE4 /* libmenuw.6.dylib in Frameworks */,
			);
			runOnlyForDeploymentPostprocessing = 0;
		};
/* End PBXFrameworksBuildPhase section */

/* Begin PBXGroup section */
		2960A69E219E1C0F000DBCE4 = {
			isa = PBXGroup;
			children = (
				2960A6A9219E1C0F000DBCE4 /* Mint */,
				2960A6A8219E1C0F000DBCE4 /* Products */,
				2960A6B1219E1DCB000DBCE4 /* Frameworks */,
			);
			sourceTree = "<group>";
		};
		2960A6A8219E1C0F000DBCE4 /* Products */ = {
			isa = PBXGroup;
			children = (
				2960A6A7219E1C0F000DBCE4 /* Mint */,
			);
			name = Products;
			sourceTree = "<group>";
		};
		2960A6A9219E1C0F000DBCE4 /* Mint */ = {
			isa = PBXGroup;
			children = (
				2960A6C1219E28B0000DBCE4 /* Mint */,
				2960A6C7219E297C000DBCE4 /* Mint.h */,
				2960A6C8219E2A1E000DBCE4 /* SandboxApp.cpp */,
			);
			path = Mint;
			sourceTree = "<group>";
		};
		2960A6B1219E1DCB000DBCE4 /* Frameworks */ = {
			isa = PBXGroup;
			children = (
				2960A6BB219E1EF0000DBCE4 /* libfmod.dylib */,
				2960A6BA219E1EF0000DBCE4 /* libfmodstudio.dylib */,
				2960A6B4219E1DCB000DBCE4 /* libformw.6.dylib */,
				2960A6B5219E1DCB000DBCE4 /* libmenuw.6.dylib */,
				2960A6B2219E1DCB000DBCE4 /* libncursesw.6.dylib */,
				2960A6B3219E1DCB000DBCE4 /* libpanelw.6.dylib */,
			);
			name = Frameworks;
			sourceTree = "<group>";
		};
		2960A6C1219E28B0000DBCE4 /* Mint */ = {
			isa = PBXGroup;
			children = (
				2960A6C2219E28CE000DBCE4 /* Core.hpp */,
				2960A6C3219E28DF000DBCE4 /* Application.cpp */,
				2960A6C4219E28DF000DBCE4 /* Application.hpp */,
				2960A6CA219E2B7A000DBCE4 /* EntryPoint.hpp */,
				2960A6CB219E308D000DBCE4 /* Renderer.cpp */,
				2960A6CC219E308D000DBCE4 /* Renderer.hpp */,
				292E981F219E5EDA00EE6B32 /* Engine.cpp */,
				292E9820219E5EDA00EE6B32 /* Engine.hpp */,
				29828FF1219E8DD300D66D74 /* Console.cpp */,
				29828FF2219E8DD300D66D74 /* Console.hpp */,
			);
			path = Mint;
			sourceTree = "<group>";
		};
/* End PBXGroup section */

/* Begin PBXNativeTarget section */
		2960A6A6219E1C0F000DBCE4 /* Mint */ = {
			isa = PBXNativeTarget;
			buildConfigurationList = 2960A6AE219E1C0F000DBCE4 /* Build configuration list for PBXNativeTarget "Mint" */;
			buildPhases = (
				2960A6A3219E1C0F000DBCE4 /* Sources */,
				2960A6A4219E1C0F000DBCE4 /* Frameworks */,
				2960A6A5219E1C0F000DBCE4 /* CopyFiles */,
			);
			buildRules = (
			);
			dependencies = (
			);
			name = Mint;
			productName = Mint;
			productReference = 2960A6A7219E1C0F000DBCE4 /* Mint */;
			productType = "com.apple.product-type.tool";
		};
/* End PBXNativeTarget section */

/* Begin PBXProject section */
		2960A69F219E1C0F000DBCE4 /* Project object */ = {
			isa = PBXProject;
			attributes = {
				LastUpgradeCheck = 1010;
				ORGANIZATIONNAME = "Jake Trefethen";
				TargetAttributes = {
					2960A6A6219E1C0F000DBCE4 = {
						CreatedOnToolsVersion = 10.1;
					};
				};
			};
			buildConfigurationList = 2960A6A2219E1C0F000DBCE4 /* Build configuration list for PBXProject "Mint" */;
			compatibilityVersion = "Xcode 9.3";
			developmentRegion = en;
			hasScannedForEncodings = 0;
			knownRegions = (
				en,
			);
			mainGroup = 2960A69E219E1C0F000DBCE4;
			productRefGroup = 2960A6A8219E1C0F000DBCE4 /* Products */;
			projectDirPath = "";
			projectRoot = "";
			targets = (
				2960A6A6219E1C0F000DBCE4 /* Mint */,
			);
		};
/* End PBXProject section */

/* Begin PBXSourcesBuildPhase section */
		2960A6A3219E1C0F000DBCE4 /* Sources */ = {
			isa = PBXSourcesBuildPhase;
			buildActionMask = 2147483647;
			files = (
				2960A6CD219E308D000DBCE4 /* Renderer.cpp in Sources */,
				2960A6C5219E28DF000DBCE4 /* Application.cpp in Sources */,
				29828FF3219E8DD300D66D74 /* Console.cpp in Sources */,
				2960A6C9219E2A1E000DBCE4 /* SandboxApp.cpp in Sources */,
				292E9821219E5EDA00EE6B32 /* Engine.cpp in Sources */,
			);
			runOnlyForDeploymentPostprocessing = 0;
		};
/* End PBXSourcesBuildPhase section */

/* Begin XCBuildConfiguration section */
		2960A6AC219E1C0F000DBCE4 /* Debug */ = {
			isa = XCBuildConfiguration;
			buildSettings = {
				ALWAYS_SEARCH_USER_PATHS = NO;
				CLANG_ANALYZER_NONNULL = YES;
				CLANG_ANALYZER_NUMBER_OBJECT_CONVERSION = YES_AGGRESSIVE;
				CLANG_CXX_LANGUAGE_STANDARD = "gnu++14";
				CLANG_CXX_LIBRARY = "libc++";
				CLANG_ENABLE_MODULES = YES;
				CLANG_ENABLE_OBJC_ARC = YES;
				CLANG_ENABLE_OBJC_WEAK = YES;
				CLANG_WARN_BLOCK_CAPTURE_AUTORELEASING = YES;
				CLANG_WARN_BOOL_CONVERSION = YES;
				CLANG_WARN_COMMA = YES;
				CLANG_WARN_CONSTANT_CONVERSION = YES;
				CLANG_WARN_DEPRECATED_OBJC_IMPLEMENTATIONS = YES;
				CLANG_WARN_DIRECT_OBJC_ISA_USAGE = YES_ERROR;
				CLANG_WARN_DOCUMENTATION_COMMENTS = YES;
				CLANG_WARN_EMPTY_BODY = YES;
				CLANG_WARN_ENUM_CONVERSION = YES;
				CLANG_WARN_INFINITE_RECURSION = YES;
				CLANG_WARN_INT_CONVERSION = YES;
				CLANG_WARN_NON_LITERAL_NULL_CONVERSION = YES;
				CLANG_WARN_OBJC_IMPLICIT_RETAIN_SELF = YES;
				CLANG_WARN_OBJC_LITERAL_CONVERSION = YES;
				CLANG_WARN_OBJC_ROOT_CLASS = YES_ERROR;
				CLANG_WARN_RANGE_LOOP_ANALYSIS = YES;
				CLANG_WARN_STRICT_PROTOTYPES = YES;
				CLANG_WARN_SUSPICIOUS_MOVE = YES;
				CLANG_WARN_UNGUARDED_AVAILABILITY = YES_AGGRESSIVE;
				CLANG_WARN_UNREACHABLE_CODE = YES;
				CLANG_WARN__DUPLICATE_METHOD_MATCH = YES;
				CODE_SIGN_IDENTITY = "-";
				COPY_PHASE_STRIP = NO;
				DEBUG_INFORMATION_FORMAT = dwarf;
				ENABLE_STRICT_OBJC_MSGSEND = YES;
				ENABLE_TESTABILITY = YES;
				GCC_C_LANGUAGE_STANDARD = gnu11;
				GCC_DYNAMIC_NO_PIC = NO;
				GCC_NO_COMMON_BLOCKS = YES;
				GCC_OPTIMIZATION_LEVEL = 0;
				GCC_PREPROCESSOR_DEFINITIONS = (
					"DEBUG=1",
					"$(inherited)",
				);
				GCC_WARN_64_TO_32_BIT_CONVERSION = YES;
				GCC_WARN_ABOUT_RETURN_TYPE = YES_ERROR;
				GCC_WARN_UNDECLARED_SELECTOR = YES;
				GCC_WARN_UNINITIALIZED_AUTOS = YES_AGGRESSIVE;
				GCC_WARN_UNUSED_FUNCTION = YES;
				GCC_WARN_UNUSED_VARIABLE = YES;
				MACOSX_DEPLOYMENT_TARGET = 10.14;
				MTL_ENABLE_DEBUG_INFO = INCLUDE_SOURCE;
				MTL_FAST_MATH = YES;
				ONLY_ACTIVE_ARCH = YES;
				SDKROOT = macosx;
			};
			name = Debug;
		};
		2960A6AD219E1C0F000DBCE4 /* Release */ = {
			isa = XCBuildConfiguration;
			buildSettings = {
				ALWAYS_SEARCH_USER_PATHS = NO;
				CLANG_ANALYZER_NONNULL = YES;
				CLANG_ANALYZER_NUMBER_OBJECT_CONVERSION = YES_AGGRESSIVE;
				CLANG_CXX_LANGUAGE_STANDARD = "gnu++14";
				CLANG_CXX_LIBRARY = "libc++";
				CLANG_ENABLE_MODULES = YES;
				CLANG_ENABLE_OBJC_ARC = YES;
				CLANG_ENABLE_OBJC_WEAK = YES;
				CLANG_WARN_BLOCK_CAPTURE_AUTORELEASING = YES;
				CLANG_WARN_BOOL_CONVERSION = YES;
				CLANG_WARN_COMMA = YES;
				CLANG_WARN_CONSTANT_CONVERSION = YES;
				CLANG_WARN_DEPRECATED_OBJC_IMPLEMENTATIONS = YES;
				CLANG_WARN_DIRECT_OBJC_ISA_USAGE = YES_ERROR;
				CLANG_WARN_DOCUMENTATION_COMMENTS = YES;
				CLANG_WARN_EMPTY_BODY = YES;
				CLANG_WARN_ENUM_CONVERSION = YES;
				CLANG_WARN_INFINITE_RECURSION = YES;
				CLANG_WARN_INT_CONVERSION = YES;
				CLANG_WARN_NON_LITERAL_NULL_CONVERSION = YES;
				CLANG_WARN_OBJC_IMPLICIT_RETAIN_SELF = YES;
				CLANG_WARN_OBJC_LITERAL_CONVERSION = YES;
				CLANG_WARN_OBJC_ROOT_CLASS = YES_ERROR;
				CLANG_WARN_RANGE_LOOP_ANALYSIS = YES;
				CLANG_WARN_STRICT_PROTOTYPES = YES;
				CLANG_WARN_SUSPICIOUS_MOVE = YES;
				CLANG_WARN_UNGUARDED_AVAILABILITY = YES_AGGRESSIVE;
				CLANG_WARN_UNREACHABLE_CODE = YES;
				CLANG_WARN__DUPLICATE_METHOD_MATCH = YES;
				CODE_SIGN_IDENTITY = "-";
				COPY_PHASE_STRIP = NO;
				DEBUG_INFORMATION_FORMAT = "dwarf-with-dsym";
				ENABLE_NS_ASSERTIONS = NO;
				ENABLE_STRICT_OBJC_MSGSEND = YES;
				GCC_C_LANGUAGE_STANDARD = gnu11;
				GCC_NO_COMMON_BLOCKS = YES;
				GCC_WARN_64_TO_32_BIT_CONVERSION = YES;
				GCC_WARN_ABOUT_RETURN_TYPE = YES_ERROR;
				GCC_WARN_UNDECLARED_SELECTOR = YES;
				GCC_WARN_UNINITIALIZED_AUTOS = YES_AGGRESSIVE;
				GCC_WARN_UNUSED_FUNCTION = YES;
				GCC_WARN_UNUSED_VARIABLE = YES;
				MACOSX_DEPLOYMENT_TARGET = 10.14;
				MTL_ENABLE_DEBUG_INFO = NO;
				MTL_FAST_MATH = YES;
				SDKROOT = macosx;
			};
			name = Release;
		};
		2960A6AF219E1C0F000DBCE4 /* Debug */ = {
			isa = XCBuildConfiguration;
			buildSettings = {
				CODE_SIGN_STYLE = Automatic;
				CONFIGURATION_BUILD_DIR = "$(PROJECT_DIR)/bin/$(CONFIGURATION)$(EFFECTIVE_PLATFORM_NAME)";
				"HEADER_SEARCH_PATHS[arch=*]" = (
					/user/local/Cellar/ncurses/6.1/include,
					"$(PROJECT_DIR)/../lib/fmod/api/studio/inc",
					"$(PROJECT_DIR)/../lib/fmod/api/lowlevel/inc",
				);
				"LD_RUNPATH_SEARCH_PATHS[arch=*]" = "$(PROJECT_DIR)/../lib/";
				LIBRARY_SEARCH_PATHS = (
					"$(inherited)",
					/usr/local/Cellar/ncurses/6.1/lib,
				);
				"LIBRARY_SEARCH_PATHS[arch=*]" = (
					/usr/local/Cellar/ncurses/6.1/lib,
					"$(PROJECT_DIR)/../lib/",
				);
				PRODUCT_NAME = "$(TARGET_NAME)";
			};
			name = Debug;
		};
		2960A6B0219E1C0F000DBCE4 /* Release */ = {
			isa = XCBuildConfiguration;
			buildSettings = {
				CODE_SIGN_STYLE = Automatic;
				CONFIGURATION_BUILD_DIR = "$(PROJECT_DIR)/bin/$(CONFIGURATION)$(EFFECTIVE_PLATFORM_NAME)";
				"HEADER_SEARCH_PATHS[arch=*]" = (
					/user/local/Cellar/ncurses/6.1/include,
					"$(PROJECT_DIR)/../lib/fmod/api/studio/inc",
					"$(PROJECT_DIR)/../lib/fmod/api/lowlevel/inc",
				);
				"LD_RUNPATH_SEARCH_PATHS[arch=*]" = "$(PROJECT_DIR)/../lib/";
				LIBRARY_SEARCH_PATHS = (
					"$(inherited)",
					/usr/local/Cellar/ncurses/6.1/lib,
				);
				"LIBRARY_SEARCH_PATHS[arch=*]" = (
					/usr/local/Cellar/ncurses/6.1/lib,
					"$(PROJECT_DIR)/../lib/",
				);
				PRODUCT_NAME = "$(TARGET_NAME)";
			};
			name = Release;
		};
/* End XCBuildConfiguration section */

/* Begin XCConfigurationList section */
		2960A6A2219E1C0F000DBCE4 /* Build configuration list for PBXProject "Mint" */ = {
			isa = XCConfigurationList;
			buildConfigurations = (
				2960A6AC219E1C0F000DBCE4 /* Debug */,
				2960A6AD219E1C0F000DBCE4 /* Release */,
			);
			defaultConfigurationIsVisible = 0;
			defaultConfigurationName = Release;
		};
		2960A6AE219E1C0F000DBCE4 /* Build configuration list for PBXNativeTarget "Mint" */ = {
			isa = XCConfigurationList;
			buildConfigurations = (
				2960A6AF219E1C0F000DBCE4 /* Debug */,
				2960A6B0219E1C0F000DBCE4 /* Release */,
			);
			defaultConfigurationIsVisible = 0;
			defaultConfigurationName = Release;
		};
/* End XCConfigurationList section */
	};
	rootObject = 2960A69F219E1C0F000DBCE4 /* Project object */;
}
